// !$*UTF8*$!
{
	archiveVersion = 1;
	classes = {
	};
	objectVersion = 51;
	objects = {

/* Begin PBXBuildFile section */
		1523BAA423D2E96800D9398E /* AppDelegate.swift in Sources */ = {isa = PBXBuildFile; fileRef = 1523BAA323D2E96800D9398E /* AppDelegate.swift */; };
		1523BAA623D2E96800D9398E /* SceneDelegate.swift in Sources */ = {isa = PBXBuildFile; fileRef = 1523BAA523D2E96800D9398E /* SceneDelegate.swift */; };
		1523BAA823D2E96800D9398E /* ViewController.swift in Sources */ = {isa = PBXBuildFile; fileRef = 1523BAA723D2E96800D9398E /* ViewController.swift */; };
		1523BAAB23D2E96800D9398E /* Main.storyboard in Resources */ = {isa = PBXBuildFile; fileRef = 1523BAA923D2E96800D9398E /* Main.storyboard */; };
		1523BAAE23D2E96800D9398E /* AR_Meisi_iOS.xcdatamodeld in Sources */ = {isa = PBXBuildFile; fileRef = 1523BAAC23D2E96800D9398E /* AR_Meisi_iOS.xcdatamodeld */; };
		1523BAB023D2E96E00D9398E /* Assets.xcassets in Resources */ = {isa = PBXBuildFile; fileRef = 1523BAAF23D2E96E00D9398E /* Assets.xcassets */; };
		1523BAB323D2E96E00D9398E /* LaunchScreen.storyboard in Resources */ = {isa = PBXBuildFile; fileRef = 1523BAB123D2E96E00D9398E /* LaunchScreen.storyboard */; };
		1523BABE23D2E96F00D9398E /* AR_Meisi_iOSTests.swift in Sources */ = {isa = PBXBuildFile; fileRef = 1523BABD23D2E96F00D9398E /* AR_Meisi_iOSTests.swift */; };
		1523BAC923D2E96F00D9398E /* AR_Meisi_iOSUITests.swift in Sources */ = {isa = PBXBuildFile; fileRef = 1523BAC823D2E96F00D9398E /* AR_Meisi_iOSUITests.swift */; };
		156B96FC23D316E00095F28F /* UserModel.swift in Sources */ = {isa = PBXBuildFile; fileRef = 156B96FB23D316E00095F28F /* UserModel.swift */; };
		156B96FE23D367900095F28F /* RegisterViewController.swift in Sources */ = {isa = PBXBuildFile; fileRef = 156B96FD23D367900095F28F /* RegisterViewController.swift */; };
		34F75944BA5C13970CBBE163 /* Pods_AR_Meisi_iOS.framework in Frameworks */ = {isa = PBXBuildFile; fileRef = F78A15E164FBD2EF6E91D598 /* Pods_AR_Meisi_iOS.framework */; };
		59772411C39F548C82105D05 /* Pods_AR_Meisi_iOS_AR_Meisi_iOSUITests.framework in Frameworks */ = {isa = PBXBuildFile; fileRef = 3722184C13219C95F44E1E0D /* Pods_AR_Meisi_iOS_AR_Meisi_iOSUITests.framework */; };
		EC72CF89493418FDE84A7ED8 /* Pods_AR_Meisi_iOSTests.framework in Frameworks */ = {isa = PBXBuildFile; fileRef = D51A6E1E96C146A10902EEF7 /* Pods_AR_Meisi_iOSTests.framework */; };
/* End PBXBuildFile section */

/* Begin PBXContainerItemProxy section */
		1523BABA23D2E96F00D9398E /* PBXContainerItemProxy */ = {
			isa = PBXContainerItemProxy;
			containerPortal = 1523BA9823D2E96800D9398E /* Project object */;
			proxyType = 1;
			remoteGlobalIDString = 1523BA9F23D2E96800D9398E;
			remoteInfo = AR_Meisi_iOS;
		};
		1523BAC523D2E96F00D9398E /* PBXContainerItemProxy */ = {
			isa = PBXContainerItemProxy;
			containerPortal = 1523BA9823D2E96800D9398E /* Project object */;
			proxyType = 1;
			remoteGlobalIDString = 1523BA9F23D2E96800D9398E;
			remoteInfo = AR_Meisi_iOS;
		};
/* End PBXContainerItemProxy section */

/* Begin PBXFileReference section */
		036A782B6AF3AB1172757D24 /* Pods-AR_Meisi_iOS-AR_Meisi_iOSUITests.release.xcconfig */ = {isa = PBXFileReference; includeInIndex = 1; lastKnownFileType = text.xcconfig; name = "Pods-AR_Meisi_iOS-AR_Meisi_iOSUITests.release.xcconfig"; path = "Target Support Files/Pods-AR_Meisi_iOS-AR_Meisi_iOSUITests/Pods-AR_Meisi_iOS-AR_Meisi_iOSUITests.release.xcconfig"; sourceTree = "<group>"; };
		043B8671894C2E30E6043B52 /* Pods-AR_Meisi_iOSTests.release.xcconfig */ = {isa = PBXFileReference; includeInIndex = 1; lastKnownFileType = text.xcconfig; name = "Pods-AR_Meisi_iOSTests.release.xcconfig"; path = "Target Support Files/Pods-AR_Meisi_iOSTests/Pods-AR_Meisi_iOSTests.release.xcconfig"; sourceTree = "<group>"; };
		1523BAA023D2E96800D9398E /* AR_Meisi_iOS.app */ = {isa = PBXFileReference; explicitFileType = wrapper.application; includeInIndex = 0; path = AR_Meisi_iOS.app; sourceTree = BUILT_PRODUCTS_DIR; };
		1523BAA323D2E96800D9398E /* AppDelegate.swift */ = {isa = PBXFileReference; lastKnownFileType = sourcecode.swift; path = AppDelegate.swift; sourceTree = "<group>"; };
		1523BAA523D2E96800D9398E /* SceneDelegate.swift */ = {isa = PBXFileReference; lastKnownFileType = sourcecode.swift; path = SceneDelegate.swift; sourceTree = "<group>"; };
		1523BAA723D2E96800D9398E /* ViewController.swift */ = {isa = PBXFileReference; lastKnownFileType = sourcecode.swift; path = ViewController.swift; sourceTree = "<group>"; };
		1523BAAA23D2E96800D9398E /* Base */ = {isa = PBXFileReference; lastKnownFileType = file.storyboard; name = Base; path = Base.lproj/Main.storyboard; sourceTree = "<group>"; };
		1523BAAD23D2E96800D9398E /* AR_Meisi_iOS.xcdatamodel */ = {isa = PBXFileReference; lastKnownFileType = wrapper.xcdatamodel; path = AR_Meisi_iOS.xcdatamodel; sourceTree = "<group>"; };
		1523BAAF23D2E96E00D9398E /* Assets.xcassets */ = {isa = PBXFileReference; lastKnownFileType = folder.assetcatalog; path = Assets.xcassets; sourceTree = "<group>"; };
		1523BAB223D2E96E00D9398E /* Base */ = {isa = PBXFileReference; lastKnownFileType = file.storyboard; name = Base; path = Base.lproj/LaunchScreen.storyboard; sourceTree = "<group>"; };
		1523BAB423D2E96E00D9398E /* Info.plist */ = {isa = PBXFileReference; lastKnownFileType = text.plist.xml; path = Info.plist; sourceTree = "<group>"; };
		1523BAB923D2E96F00D9398E /* AR_Meisi_iOSTests.xctest */ = {isa = PBXFileReference; explicitFileType = wrapper.cfbundle; includeInIndex = 0; path = AR_Meisi_iOSTests.xctest; sourceTree = BUILT_PRODUCTS_DIR; };
		1523BABD23D2E96F00D9398E /* AR_Meisi_iOSTests.swift */ = {isa = PBXFileReference; lastKnownFileType = sourcecode.swift; path = AR_Meisi_iOSTests.swift; sourceTree = "<group>"; };
		1523BABF23D2E96F00D9398E /* Info.plist */ = {isa = PBXFileReference; lastKnownFileType = text.plist.xml; path = Info.plist; sourceTree = "<group>"; };
		1523BAC423D2E96F00D9398E /* AR_Meisi_iOSUITests.xctest */ = {isa = PBXFileReference; explicitFileType = wrapper.cfbundle; includeInIndex = 0; path = AR_Meisi_iOSUITests.xctest; sourceTree = BUILT_PRODUCTS_DIR; };
		1523BAC823D2E96F00D9398E /* AR_Meisi_iOSUITests.swift */ = {isa = PBXFileReference; lastKnownFileType = sourcecode.swift; path = AR_Meisi_iOSUITests.swift; sourceTree = "<group>"; };
		1523BACA23D2E96F00D9398E /* Info.plist */ = {isa = PBXFileReference; lastKnownFileType = text.plist.xml; path = Info.plist; sourceTree = "<group>"; };
		1523BAD923D2EC7600D9398E /* Cartfile */ = {isa = PBXFileReference; lastKnownFileType = text; path = Cartfile; sourceTree = "<group>"; };
		156B96FB23D316E00095F28F /* UserModel.swift */ = {isa = PBXFileReference; lastKnownFileType = sourcecode.swift; path = UserModel.swift; sourceTree = "<group>"; };
		156B96FD23D367900095F28F /* RegisterViewController.swift */ = {isa = PBXFileReference; fileEncoding = 4; lastKnownFileType = sourcecode.swift; path = RegisterViewController.swift; sourceTree = "<group>"; };
		3722184C13219C95F44E1E0D /* Pods_AR_Meisi_iOS_AR_Meisi_iOSUITests.framework */ = {isa = PBXFileReference; explicitFileType = wrapper.framework; includeInIndex = 0; path = Pods_AR_Meisi_iOS_AR_Meisi_iOSUITests.framework; sourceTree = BUILT_PRODUCTS_DIR; };
		666E14554D6EE304BF46AE5E /* Pods-AR_Meisi_iOS-AR_Meisi_iOSUITests.debug.xcconfig */ = {isa = PBXFileReference; includeInIndex = 1; lastKnownFileType = text.xcconfig; name = "Pods-AR_Meisi_iOS-AR_Meisi_iOSUITests.debug.xcconfig"; path = "Target Support Files/Pods-AR_Meisi_iOS-AR_Meisi_iOSUITests/Pods-AR_Meisi_iOS-AR_Meisi_iOSUITests.debug.xcconfig"; sourceTree = "<group>"; };
		6A406AB85A782289AFA900DA /* Pods-AR_Meisi_iOS.release.xcconfig */ = {isa = PBXFileReference; includeInIndex = 1; lastKnownFileType = text.xcconfig; name = "Pods-AR_Meisi_iOS.release.xcconfig"; path = "Target Support Files/Pods-AR_Meisi_iOS/Pods-AR_Meisi_iOS.release.xcconfig"; sourceTree = "<group>"; };
		9D4811257BD83CDFA4C42294 /* Pods-AR_Meisi_iOSTests.debug.xcconfig */ = {isa = PBXFileReference; includeInIndex = 1; lastKnownFileType = text.xcconfig; name = "Pods-AR_Meisi_iOSTests.debug.xcconfig"; path = "Target Support Files/Pods-AR_Meisi_iOSTests/Pods-AR_Meisi_iOSTests.debug.xcconfig"; sourceTree = "<group>"; };
		D51A6E1E96C146A10902EEF7 /* Pods_AR_Meisi_iOSTests.framework */ = {isa = PBXFileReference; explicitFileType = wrapper.framework; includeInIndex = 0; path = Pods_AR_Meisi_iOSTests.framework; sourceTree = BUILT_PRODUCTS_DIR; };
		EF88A339805811501136717C /* Pods-AR_Meisi_iOS.debug.xcconfig */ = {isa = PBXFileReference; includeInIndex = 1; lastKnownFileType = text.xcconfig; name = "Pods-AR_Meisi_iOS.debug.xcconfig"; path = "Target Support Files/Pods-AR_Meisi_iOS/Pods-AR_Meisi_iOS.debug.xcconfig"; sourceTree = "<group>"; };
		F78A15E164FBD2EF6E91D598 /* Pods_AR_Meisi_iOS.framework */ = {isa = PBXFileReference; explicitFileType = wrapper.framework; includeInIndex = 0; path = Pods_AR_Meisi_iOS.framework; sourceTree = BUILT_PRODUCTS_DIR; };
/* End PBXFileReference section */

/* Begin PBXFrameworksBuildPhase section */
		1523BA9D23D2E96800D9398E /* Frameworks */ = {
			isa = PBXFrameworksBuildPhase;
			buildActionMask = 2147483647;
			files = (
				34F75944BA5C13970CBBE163 /* Pods_AR_Meisi_iOS.framework in Frameworks */,
			);
			runOnlyForDeploymentPostprocessing = 0;
		};
		1523BAB623D2E96F00D9398E /* Frameworks */ = {
			isa = PBXFrameworksBuildPhase;
			buildActionMask = 2147483647;
			files = (
				EC72CF89493418FDE84A7ED8 /* Pods_AR_Meisi_iOSTests.framework in Frameworks */,
			);
			runOnlyForDeploymentPostprocessing = 0;
		};
		1523BAC123D2E96F00D9398E /* Frameworks */ = {
			isa = PBXFrameworksBuildPhase;
			buildActionMask = 2147483647;
			files = (
				59772411C39F548C82105D05 /* Pods_AR_Meisi_iOS_AR_Meisi_iOSUITests.framework in Frameworks */,
			);
			runOnlyForDeploymentPostprocessing = 0;
		};
/* End PBXFrameworksBuildPhase section */

/* Begin PBXGroup section */
		05D48D68ACB7F7FCB9DD8E53 /* Pods */ = {
			isa = PBXGroup;
			children = (
				EF88A339805811501136717C /* Pods-AR_Meisi_iOS.debug.xcconfig */,
				6A406AB85A782289AFA900DA /* Pods-AR_Meisi_iOS.release.xcconfig */,
				666E14554D6EE304BF46AE5E /* Pods-AR_Meisi_iOS-AR_Meisi_iOSUITests.debug.xcconfig */,
				036A782B6AF3AB1172757D24 /* Pods-AR_Meisi_iOS-AR_Meisi_iOSUITests.release.xcconfig */,
				9D4811257BD83CDFA4C42294 /* Pods-AR_Meisi_iOSTests.debug.xcconfig */,
				043B8671894C2E30E6043B52 /* Pods-AR_Meisi_iOSTests.release.xcconfig */,
			);
			path = Pods;
			sourceTree = "<group>";
		};
		1523BA9723D2E96800D9398E = {
			isa = PBXGroup;
			children = (
				1523BAA223D2E96800D9398E /* AR_Meisi_iOS */,
				1523BABC23D2E96F00D9398E /* AR_Meisi_iOSTests */,
				1523BAC723D2E96F00D9398E /* AR_Meisi_iOSUITests */,
				1523BAA123D2E96800D9398E /* Products */,
				1523BAD823D2EC7600D9398E /* Frameworks */,
				05D48D68ACB7F7FCB9DD8E53 /* Pods */,
			);
			sourceTree = "<group>";
		};
		1523BAA123D2E96800D9398E /* Products */ = {
			isa = PBXGroup;
			children = (
				1523BAA023D2E96800D9398E /* AR_Meisi_iOS.app */,
				1523BAB923D2E96F00D9398E /* AR_Meisi_iOSTests.xctest */,
				1523BAC423D2E96F00D9398E /* AR_Meisi_iOSUITests.xctest */,
			);
			name = Products;
			sourceTree = "<group>";
		};
		1523BAA223D2E96800D9398E /* AR_Meisi_iOS */ = {
			isa = PBXGroup;
			children = (
				156B96FD23D367900095F28F /* RegisterViewController.swift */,
				1523BAA323D2E96800D9398E /* AppDelegate.swift */,
				1523BAA523D2E96800D9398E /* SceneDelegate.swift */,
				1523BAA723D2E96800D9398E /* ViewController.swift */,
				1523BAA923D2E96800D9398E /* Main.storyboard */,
				1523BAAF23D2E96E00D9398E /* Assets.xcassets */,
				1523BAB123D2E96E00D9398E /* LaunchScreen.storyboard */,
				1523BAB423D2E96E00D9398E /* Info.plist */,
				1523BAAC23D2E96800D9398E /* AR_Meisi_iOS.xcdatamodeld */,
				156B96FB23D316E00095F28F /* UserModel.swift */,
			);
			path = AR_Meisi_iOS;
			sourceTree = "<group>";
		};
		1523BABC23D2E96F00D9398E /* AR_Meisi_iOSTests */ = {
			isa = PBXGroup;
			children = (
				1523BABD23D2E96F00D9398E /* AR_Meisi_iOSTests.swift */,
				1523BABF23D2E96F00D9398E /* Info.plist */,
			);
			path = AR_Meisi_iOSTests;
			sourceTree = "<group>";
		};
		1523BAC723D2E96F00D9398E /* AR_Meisi_iOSUITests */ = {
			isa = PBXGroup;
			children = (
				1523BAC823D2E96F00D9398E /* AR_Meisi_iOSUITests.swift */,
				1523BACA23D2E96F00D9398E /* Info.plist */,
			);
			path = AR_Meisi_iOSUITests;
			sourceTree = "<group>";
		};
		1523BAD823D2EC7600D9398E /* Frameworks */ = {
			isa = PBXGroup;
			children = (
				1523BAD923D2EC7600D9398E /* Cartfile */,
				F78A15E164FBD2EF6E91D598 /* Pods_AR_Meisi_iOS.framework */,
				3722184C13219C95F44E1E0D /* Pods_AR_Meisi_iOS_AR_Meisi_iOSUITests.framework */,
				D51A6E1E96C146A10902EEF7 /* Pods_AR_Meisi_iOSTests.framework */,
			);
			name = Frameworks;
			sourceTree = "<group>";
		};
/* End PBXGroup section */

/* Begin PBXNativeTarget section */
		1523BA9F23D2E96800D9398E /* AR_Meisi_iOS */ = {
			isa = PBXNativeTarget;
			buildConfigurationList = 1523BACD23D2E96F00D9398E /* Build configuration list for PBXNativeTarget "AR_Meisi_iOS" */;
			buildPhases = (
				AA30AA1FDAA1C8F8DE9F48C8 /* [CP] Check Pods Manifest.lock */,
				1523BA9C23D2E96800D9398E /* Sources */,
				1523BA9D23D2E96800D9398E /* Frameworks */,
				1523BA9E23D2E96800D9398E /* Resources */,
				F3446170F593BB5C56FB0427 /* [CP] Embed Pods Frameworks */,
			);
			buildRules = (
			);
			dependencies = (
			);
			name = AR_Meisi_iOS;
			productName = AR_Meisi_iOS;
			productReference = 1523BAA023D2E96800D9398E /* AR_Meisi_iOS.app */;
			productType = "com.apple.product-type.application";
		};
		1523BAB823D2E96F00D9398E /* AR_Meisi_iOSTests */ = {
			isa = PBXNativeTarget;
			buildConfigurationList = 1523BAD023D2E96F00D9398E /* Build configuration list for PBXNativeTarget "AR_Meisi_iOSTests" */;
			buildPhases = (
				CBAF56379DEACD0C5A49DCAB /* [CP] Check Pods Manifest.lock */,
				1523BAB523D2E96F00D9398E /* Sources */,
				1523BAB623D2E96F00D9398E /* Frameworks */,
				1523BAB723D2E96F00D9398E /* Resources */,
			);
			buildRules = (
			);
			dependencies = (
				1523BABB23D2E96F00D9398E /* PBXTargetDependency */,
			);
			name = AR_Meisi_iOSTests;
			productName = AR_Meisi_iOSTests;
			productReference = 1523BAB923D2E96F00D9398E /* AR_Meisi_iOSTests.xctest */;
			productType = "com.apple.product-type.bundle.unit-test";
		};
		1523BAC323D2E96F00D9398E /* AR_Meisi_iOSUITests */ = {
			isa = PBXNativeTarget;
			buildConfigurationList = 1523BAD323D2E96F00D9398E /* Build configuration list for PBXNativeTarget "AR_Meisi_iOSUITests" */;
			buildPhases = (
				AC825D519F7295B373853467 /* [CP] Check Pods Manifest.lock */,
				1523BAC023D2E96F00D9398E /* Sources */,
				1523BAC123D2E96F00D9398E /* Frameworks */,
				1523BAC223D2E96F00D9398E /* Resources */,
				7CF1E99112949E30A276E66B /* [CP] Embed Pods Frameworks */,
			);
			buildRules = (
			);
			dependencies = (
				1523BAC623D2E96F00D9398E /* PBXTargetDependency */,
			);
			name = AR_Meisi_iOSUITests;
			productName = AR_Meisi_iOSUITests;
			productReference = 1523BAC423D2E96F00D9398E /* AR_Meisi_iOSUITests.xctest */;
			productType = "com.apple.product-type.bundle.ui-testing";
		};
/* End PBXNativeTarget section */

/* Begin PBXProject section */
		1523BA9823D2E96800D9398E /* Project object */ = {
			isa = PBXProject;
			attributes = {
				LastSwiftUpdateCheck = 1130;
				LastUpgradeCheck = 1130;
				ORGANIZATIONNAME = s0ra;
				TargetAttributes = {
					1523BA9F23D2E96800D9398E = {
						CreatedOnToolsVersion = 11.3;
					};
					1523BAB823D2E96F00D9398E = {
						CreatedOnToolsVersion = 11.3;
						TestTargetID = 1523BA9F23D2E96800D9398E;
					};
					1523BAC323D2E96F00D9398E = {
						CreatedOnToolsVersion = 11.3;
						TestTargetID = 1523BA9F23D2E96800D9398E;
					};
				};
			};
			buildConfigurationList = 1523BA9B23D2E96800D9398E /* Build configuration list for PBXProject "AR_Meisi_iOS" */;
			compatibilityVersion = "Xcode 9.3";
			developmentRegion = en;
			hasScannedForEncodings = 0;
			knownRegions = (
				en,
				Base,
			);
			mainGroup = 1523BA9723D2E96800D9398E;
			productRefGroup = 1523BAA123D2E96800D9398E /* Products */;
			projectDirPath = "";
			projectRoot = "";
			targets = (
				1523BA9F23D2E96800D9398E /* AR_Meisi_iOS */,
				1523BAB823D2E96F00D9398E /* AR_Meisi_iOSTests */,
				1523BAC323D2E96F00D9398E /* AR_Meisi_iOSUITests */,
			);
		};
/* End PBXProject section */

/* Begin PBXResourcesBuildPhase section */
		1523BA9E23D2E96800D9398E /* Resources */ = {
			isa = PBXResourcesBuildPhase;
			buildActionMask = 2147483647;
			files = (
				1523BAB323D2E96E00D9398E /* LaunchScreen.storyboard in Resources */,
				1523BAB023D2E96E00D9398E /* Assets.xcassets in Resources */,
				1523BAAB23D2E96800D9398E /* Main.storyboard in Resources */,
			);
			runOnlyForDeploymentPostprocessing = 0;
		};
		1523BAB723D2E96F00D9398E /* Resources */ = {
			isa = PBXResourcesBuildPhase;
			buildActionMask = 2147483647;
			files = (
			);
			runOnlyForDeploymentPostprocessing = 0;
		};
		1523BAC223D2E96F00D9398E /* Resources */ = {
			isa = PBXResourcesBuildPhase;
			buildActionMask = 2147483647;
			files = (
			);
			runOnlyForDeploymentPostprocessing = 0;
		};
/* End PBXResourcesBuildPhase section */

/* Begin PBXShellScriptBuildPhase section */
		7CF1E99112949E30A276E66B /* [CP] Embed Pods Frameworks */ = {
			isa = PBXShellScriptBuildPhase;
			buildActionMask = 2147483647;
			files = (
			);
			inputFileListPaths = (
				"${PODS_ROOT}/Target Support Files/Pods-AR_Meisi_iOS-AR_Meisi_iOSUITests/Pods-AR_Meisi_iOS-AR_Meisi_iOSUITests-frameworks-${CONFIGURATION}-input-files.xcfilelist",
			);
			name = "[CP] Embed Pods Frameworks";
			outputFileListPaths = (
				"${PODS_ROOT}/Target Support Files/Pods-AR_Meisi_iOS-AR_Meisi_iOSUITests/Pods-AR_Meisi_iOS-AR_Meisi_iOSUITests-frameworks-${CONFIGURATION}-output-files.xcfilelist",
			);
			runOnlyForDeploymentPostprocessing = 0;
			shellPath = /bin/sh;
			shellScript = "\"${PODS_ROOT}/Target Support Files/Pods-AR_Meisi_iOS-AR_Meisi_iOSUITests/Pods-AR_Meisi_iOS-AR_Meisi_iOSUITests-frameworks.sh\"\n";
			showEnvVarsInLog = 0;
		};
		AA30AA1FDAA1C8F8DE9F48C8 /* [CP] Check Pods Manifest.lock */ = {
			isa = PBXShellScriptBuildPhase;
			buildActionMask = 2147483647;
			files = (
			);
			inputFileListPaths = (
			);
			inputPaths = (
				"${PODS_PODFILE_DIR_PATH}/Podfile.lock",
				"${PODS_ROOT}/Manifest.lock",
			);
			name = "[CP] Check Pods Manifest.lock";
			outputFileListPaths = (
			);
			outputPaths = (
				"$(DERIVED_FILE_DIR)/Pods-AR_Meisi_iOS-checkManifestLockResult.txt",
			);
			runOnlyForDeploymentPostprocessing = 0;
			shellPath = /bin/sh;
			shellScript = "diff \"${PODS_PODFILE_DIR_PATH}/Podfile.lock\" \"${PODS_ROOT}/Manifest.lock\" > /dev/null\nif [ $? != 0 ] ; then\n    # print error to STDERR\n    echo \"error: The sandbox is not in sync with the Podfile.lock. Run 'pod install' or update your CocoaPods installation.\" >&2\n    exit 1\nfi\n# This output is used by Xcode 'outputs' to avoid re-running this script phase.\necho \"SUCCESS\" > \"${SCRIPT_OUTPUT_FILE_0}\"\n";
			showEnvVarsInLog = 0;
		};
		AC825D519F7295B373853467 /* [CP] Check Pods Manifest.lock */ = {
			isa = PBXShellScriptBuildPhase;
			buildActionMask = 2147483647;
			files = (
			);
			inputFileListPaths = (
			);
			inputPaths = (
				"${PODS_PODFILE_DIR_PATH}/Podfile.lock",
				"${PODS_ROOT}/Manifest.lock",
			);
			name = "[CP] Check Pods Manifest.lock";
			outputFileListPaths = (
			);
			outputPaths = (
				"$(DERIVED_FILE_DIR)/Pods-AR_Meisi_iOS-AR_Meisi_iOSUITests-checkManifestLockResult.txt",
			);
			runOnlyForDeploymentPostprocessing = 0;
			shellPath = /bin/sh;
			shellScript = "diff \"${PODS_PODFILE_DIR_PATH}/Podfile.lock\" \"${PODS_ROOT}/Manifest.lock\" > /dev/null\nif [ $? != 0 ] ; then\n    # print error to STDERR\n    echo \"error: The sandbox is not in sync with the Podfile.lock. Run 'pod install' or update your CocoaPods installation.\" >&2\n    exit 1\nfi\n# This output is used by Xcode 'outputs' to avoid re-running this script phase.\necho \"SUCCESS\" > \"${SCRIPT_OUTPUT_FILE_0}\"\n";
			showEnvVarsInLog = 0;
		};
		CBAF56379DEACD0C5A49DCAB /* [CP] Check Pods Manifest.lock */ = {
			isa = PBXShellScriptBuildPhase;
			buildActionMask = 2147483647;
			files = (
			);
			inputFileListPaths = (
			);
			inputPaths = (
				"${PODS_PODFILE_DIR_PATH}/Podfile.lock",
				"${PODS_ROOT}/Manifest.lock",
			);
			name = "[CP] Check Pods Manifest.lock";
			outputFileListPaths = (
			);
			outputPaths = (
				"$(DERIVED_FILE_DIR)/Pods-AR_Meisi_iOSTests-checkManifestLockResult.txt",
			);
			runOnlyForDeploymentPostprocessing = 0;
			shellPath = /bin/sh;
			shellScript = "diff \"${PODS_PODFILE_DIR_PATH}/Podfile.lock\" \"${PODS_ROOT}/Manifest.lock\" > /dev/null\nif [ $? != 0 ] ; then\n    # print error to STDERR\n    echo \"error: The sandbox is not in sync with the Podfile.lock. Run 'pod install' or update your CocoaPods installation.\" >&2\n    exit 1\nfi\n# This output is used by Xcode 'outputs' to avoid re-running this script phase.\necho \"SUCCESS\" > \"${SCRIPT_OUTPUT_FILE_0}\"\n";
			showEnvVarsInLog = 0;
		};
		F3446170F593BB5C56FB0427 /* [CP] Embed Pods Frameworks */ = {
			isa = PBXShellScriptBuildPhase;
			buildActionMask = 2147483647;
			files = (
			);
			inputFileListPaths = (
				"${PODS_ROOT}/Target Support Files/Pods-AR_Meisi_iOS/Pods-AR_Meisi_iOS-frameworks-${CONFIGURATION}-input-files.xcfilelist",
			);
			name = "[CP] Embed Pods Frameworks";
			outputFileListPaths = (
				"${PODS_ROOT}/Target Support Files/Pods-AR_Meisi_iOS/Pods-AR_Meisi_iOS-frameworks-${CONFIGURATION}-output-files.xcfilelist",
			);
			runOnlyForDeploymentPostprocessing = 0;
			shellPath = /bin/sh;
			shellScript = "\"${PODS_ROOT}/Target Support Files/Pods-AR_Meisi_iOS/Pods-AR_Meisi_iOS-frameworks.sh\"\n";
			showEnvVarsInLog = 0;
		};
/* End PBXShellScriptBuildPhase section */

/* Begin PBXSourcesBuildPhase section */
		1523BA9C23D2E96800D9398E /* Sources */ = {
			isa = PBXSourcesBuildPhase;
			buildActionMask = 2147483647;
			files = (
				1523BAAE23D2E96800D9398E /* AR_Meisi_iOS.xcdatamodeld in Sources */,
				1523BAA823D2E96800D9398E /* ViewController.swift in Sources */,
				1523BAA423D2E96800D9398E /* AppDelegate.swift in Sources */,
				156B96FE23D367900095F28F /* RegisterViewController.swift in Sources */,
				156B96FC23D316E00095F28F /* UserModel.swift in Sources */,
				1523BAA623D2E96800D9398E /* SceneDelegate.swift in Sources */,
			);
			runOnlyForDeploymentPostprocessing = 0;
		};
		1523BAB523D2E96F00D9398E /* Sources */ = {
			isa = PBXSourcesBuildPhase;
			buildActionMask = 2147483647;
			files = (
				1523BABE23D2E96F00D9398E /* AR_Meisi_iOSTests.swift in Sources */,
			);
			runOnlyForDeploymentPostprocessing = 0;
		};
		1523BAC023D2E96F00D9398E /* Sources */ = {
			isa = PBXSourcesBuildPhase;
			buildActionMask = 2147483647;
			files = (
				1523BAC923D2E96F00D9398E /* AR_Meisi_iOSUITests.swift in Sources */,
			);
			runOnlyForDeploymentPostprocessing = 0;
		};
/* End PBXSourcesBuildPhase section */

/* Begin PBXTargetDependency section */
		1523BABB23D2E96F00D9398E /* PBXTargetDependency */ = {
			isa = PBXTargetDependency;
			target = 1523BA9F23D2E96800D9398E /* AR_Meisi_iOS */;
			targetProxy = 1523BABA23D2E96F00D9398E /* PBXContainerItemProxy */;
		};
		1523BAC623D2E96F00D9398E /* PBXTargetDependency */ = {
			isa = PBXTargetDependency;
			target = 1523BA9F23D2E96800D9398E /* AR_Meisi_iOS */;
			targetProxy = 1523BAC523D2E96F00D9398E /* PBXContainerItemProxy */;
		};
/* End PBXTargetDependency section */

/* Begin PBXVariantGroup section */
		1523BAA923D2E96800D9398E /* Main.storyboard */ = {
			isa = PBXVariantGroup;
			children = (
				1523BAAA23D2E96800D9398E /* Base */,
			);
			name = Main.storyboard;
			sourceTree = "<group>";
		};
		1523BAB123D2E96E00D9398E /* LaunchScreen.storyboard */ = {
			isa = PBXVariantGroup;
			children = (
				1523BAB223D2E96E00D9398E /* Base */,
			);
			name = LaunchScreen.storyboard;
			sourceTree = "<group>";
		};
/* End PBXVariantGroup section */

/* Begin XCBuildConfiguration section */
		1523BACB23D2E96F00D9398E /* Debug */ = {
			isa = XCBuildConfiguration;
			buildSettings = {
				ALWAYS_SEARCH_USER_PATHS = NO;
				CLANG_ANALYZER_NONNULL = YES;
				CLANG_ANALYZER_NUMBER_OBJECT_CONVERSION = YES_AGGRESSIVE;
				CLANG_CXX_LANGUAGE_STANDARD = "gnu++14";
				CLANG_CXX_LIBRARY = "libc++";
				CLANG_ENABLE_MODULES = YES;
				CLANG_ENABLE_OBJC_ARC = YES;
				CLANG_ENABLE_OBJC_WEAK = YES;
				CLANG_WARN_BLOCK_CAPTURE_AUTORELEASING = YES;
				CLANG_WARN_BOOL_CONVERSION = YES;
				CLANG_WARN_COMMA = YES;
				CLANG_WARN_CONSTANT_CONVERSION = YES;
				CLANG_WARN_DEPRECATED_OBJC_IMPLEMENTATIONS = YES;
				CLANG_WARN_DIRECT_OBJC_ISA_USAGE = YES_ERROR;
				CLANG_WARN_DOCUMENTATION_COMMENTS = YES;
				CLANG_WARN_EMPTY_BODY = YES;
				CLANG_WARN_ENUM_CONVERSION = YES;
				CLANG_WARN_INFINITE_RECURSION = YES;
				CLANG_WARN_INT_CONVERSION = YES;
				CLANG_WARN_NON_LITERAL_NULL_CONVERSION = YES;
				CLANG_WARN_OBJC_IMPLICIT_RETAIN_SELF = YES;
				CLANG_WARN_OBJC_LITERAL_CONVERSION = YES;
				CLANG_WARN_OBJC_ROOT_CLASS = YES_ERROR;
				CLANG_WARN_RANGE_LOOP_ANALYSIS = YES;
				CLANG_WARN_STRICT_PROTOTYPES = YES;
				CLANG_WARN_SUSPICIOUS_MOVE = YES;
				CLANG_WARN_UNGUARDED_AVAILABILITY = YES_AGGRESSIVE;
				CLANG_WARN_UNREACHABLE_CODE = YES;
				CLANG_WARN__DUPLICATE_METHOD_MATCH = YES;
				COPY_PHASE_STRIP = NO;
				DEBUG_INFORMATION_FORMAT = dwarf;
				ENABLE_STRICT_OBJC_MSGSEND = YES;
				ENABLE_TESTABILITY = YES;
				GCC_C_LANGUAGE_STANDARD = gnu11;
				GCC_DYNAMIC_NO_PIC = NO;
				GCC_NO_COMMON_BLOCKS = YES;
				GCC_OPTIMIZATION_LEVEL = 0;
				GCC_PREPROCESSOR_DEFINITIONS = (
					"DEBUG=1",
					"$(inherited)",
				);
				GCC_WARN_64_TO_32_BIT_CONVERSION = YES;
				GCC_WARN_ABOUT_RETURN_TYPE = YES_ERROR;
				GCC_WARN_UNDECLARED_SELECTOR = YES;
				GCC_WARN_UNINITIALIZED_AUTOS = YES_AGGRESSIVE;
				GCC_WARN_UNUSED_FUNCTION = YES;
				GCC_WARN_UNUSED_VARIABLE = YES;
				IPHONEOS_DEPLOYMENT_TARGET = 13.2;
				MTL_ENABLE_DEBUG_INFO = INCLUDE_SOURCE;
				MTL_FAST_MATH = YES;
				ONLY_ACTIVE_ARCH = YES;
				SDKROOT = iphoneos;
				SWIFT_ACTIVE_COMPILATION_CONDITIONS = DEBUG;
				SWIFT_OPTIMIZATION_LEVEL = "-Onone";
			};
			name = Debug;
		};
		1523BACC23D2E96F00D9398E /* Release */ = {
			isa = XCBuildConfiguration;
			buildSettings = {
				ALWAYS_SEARCH_USER_PATHS = NO;
				CLANG_ANALYZER_NONNULL = YES;
				CLANG_ANALYZER_NUMBER_OBJECT_CONVERSION = YES_AGGRESSIVE;
				CLANG_CXX_LANGUAGE_STANDARD = "gnu++14";
				CLANG_CXX_LIBRARY = "libc++";
				CLANG_ENABLE_MODULES = YES;
				CLANG_ENABLE_OBJC_ARC = YES;
				CLANG_ENABLE_OBJC_WEAK = YES;
				CLANG_WARN_BLOCK_CAPTURE_AUTORELEASING = YES;
				CLANG_WARN_BOOL_CONVERSION = YES;
				CLANG_WARN_COMMA = YES;
				CLANG_WARN_CONSTANT_CONVERSION = YES;
				CLANG_WARN_DEPRECATED_OBJC_IMPLEMENTATIONS = YES;
				CLANG_WARN_DIRECT_OBJC_ISA_USAGE = YES_ERROR;
				CLANG_WARN_DOCUMENTATION_COMMENTS = YES;
				CLANG_WARN_EMPTY_BODY = YES;
				CLANG_WARN_ENUM_CONVERSION = YES;
				CLANG_WARN_INFINITE_RECURSION = YES;
				CLANG_WARN_INT_CONVERSION = YES;
				CLANG_WARN_NON_LITERAL_NULL_CONVERSION = YES;
				CLANG_WARN_OBJC_IMPLICIT_RETAIN_SELF = YES;
				CLANG_WARN_OBJC_LITERAL_CONVERSION = YES;
				CLANG_WARN_OBJC_ROOT_CLASS = YES_ERROR;
				CLANG_WARN_RANGE_LOOP_ANALYSIS = YES;
				CLANG_WARN_STRICT_PROTOTYPES = YES;
				CLANG_WARN_SUSPICIOUS_MOVE = YES;
				CLANG_WARN_UNGUARDED_AVAILABILITY = YES_AGGRESSIVE;
				CLANG_WARN_UNREACHABLE_CODE = YES;
				CLANG_WARN__DUPLICATE_METHOD_MATCH = YES;
				COPY_PHASE_STRIP = NO;
				DEBUG_INFORMATION_FORMAT = "dwarf-with-dsym";
				ENABLE_NS_ASSERTIONS = NO;
				ENABLE_STRICT_OBJC_MSGSEND = YES;
				GCC_C_LANGUAGE_STANDARD = gnu11;
				GCC_NO_COMMON_BLOCKS = YES;
				GCC_WARN_64_TO_32_BIT_CONVERSION = YES;
				GCC_WARN_ABOUT_RETURN_TYPE = YES_ERROR;
				GCC_WARN_UNDECLARED_SELECTOR = YES;
				GCC_WARN_UNINITIALIZED_AUTOS = YES_AGGRESSIVE;
				GCC_WARN_UNUSED_FUNCTION = YES;
				GCC_WARN_UNUSED_VARIABLE = YES;
				IPHONEOS_DEPLOYMENT_TARGET = 13.2;
				MTL_ENABLE_DEBUG_INFO = NO;
				MTL_FAST_MATH = YES;
				SDKROOT = iphoneos;
				SWIFT_COMPILATION_MODE = wholemodule;
				SWIFT_OPTIMIZATION_LEVEL = "-O";
				VALIDATE_PRODUCT = YES;
			};
			name = Release;
		};
		1523BACE23D2E96F00D9398E /* Debug */ = {
			isa = XCBuildConfiguration;
			baseConfigurationReference = EF88A339805811501136717C /* Pods-AR_Meisi_iOS.debug.xcconfig */;
			buildSettings = {
				ALWAYS_EMBED_SWIFT_STANDARD_LIBRARIES = "$(inherited)";
				ASSETCATALOG_COMPILER_APPICON_NAME = AppIcon;
				CODE_SIGN_STYLE = Automatic;
				DEVELOPMENT_TEAM = 76MW367N4B;
				INFOPLIST_FILE = AR_Meisi_iOS/Info.plist;
				LD_RUNPATH_SEARCH_PATHS = (
					"$(inherited)",
					"@executable_path/Frameworks",
				);
				PRODUCT_BUNDLE_IDENTIFIER = "s0ra.AR-Meisi-iOS";
				PRODUCT_NAME = "$(TARGET_NAME)";
				SWIFT_VERSION = 5.0;
				TARGETED_DEVICE_FAMILY = "1,2";
			};
			name = Debug;
		};
		1523BACF23D2E96F00D9398E /* Release */ = {
			isa = XCBuildConfiguration;
			baseConfigurationReference = 6A406AB85A782289AFA900DA /* Pods-AR_Meisi_iOS.release.xcconfig */;
			buildSettings = {
				ALWAYS_EMBED_SWIFT_STANDARD_LIBRARIES = "$(inherited)";
				ASSETCATALOG_COMPILER_APPICON_NAME = AppIcon;
				CODE_SIGN_STYLE = Automatic;
				DEVELOPMENT_TEAM = 76MW367N4B;
				INFOPLIST_FILE = AR_Meisi_iOS/Info.plist;
				LD_RUNPATH_SEARCH_PATHS = (
					"$(inherited)",
					"@executable_path/Frameworks",
				);
				PRODUCT_BUNDLE_IDENTIFIER = "s0ra.AR-Meisi-iOS";
				PRODUCT_NAME = "$(TARGET_NAME)";
				SWIFT_VERSION = 5.0;
				TARGETED_DEVICE_FAMILY = "1,2";
			};
			name = Release;
		};
		1523BAD123D2E96F00D9398E /* Debug */ = {
			isa = XCBuildConfiguration;
			baseConfigurationReference = 9D4811257BD83CDFA4C42294 /* Pods-AR_Meisi_iOSTests.debug.xcconfig */;
			buildSettings = {
				ALWAYS_EMBED_SWIFT_STANDARD_LIBRARIES = "$(inherited)";
				BUNDLE_LOADER = "$(TEST_HOST)";
				CODE_SIGN_STYLE = Automatic;
				DEVELOPMENT_TEAM = 76MW367N4B;
				INFOPLIST_FILE = AR_Meisi_iOSTests/Info.plist;
				IPHONEOS_DEPLOYMENT_TARGET = 13.2;
				LD_RUNPATH_SEARCH_PATHS = (
					"$(inherited)",
					"@executable_path/Frameworks",
					"@loader_path/Frameworks",
				);
				PRODUCT_BUNDLE_IDENTIFIER = "s0ra.AR-Meisi-iOSTests";
				PRODUCT_NAME = "$(TARGET_NAME)";
				SWIFT_VERSION = 5.0;
				TARGETED_DEVICE_FAMILY = "1,2";
				TEST_HOST = "$(BUILT_PRODUCTS_DIR)/AR_Meisi_iOS.app/AR_Meisi_iOS";
			};
			name = Debug;
		};
		1523BAD223D2E96F00D9398E /* Release */ = {
			isa = XCBuildConfiguration;
			baseConfigurationReference = 043B8671894C2E30E6043B52 /* Pods-AR_Meisi_iOSTests.release.xcconfig */;
			buildSettings = {
				ALWAYS_EMBED_SWIFT_STANDARD_LIBRARIES = "$(inherited)";
				BUNDLE_LOADER = "$(TEST_HOST)";
				CODE_SIGN_STYLE = Automatic;
				DEVELOPMENT_TEAM = 76MW367N4B;
				INFOPLIST_FILE = AR_Meisi_iOSTests/Info.plist;
				IPHONEOS_DEPLOYMENT_TARGET = 13.2;
				LD_RUNPATH_SEARCH_PATHS = (
					"$(inherited)",
					"@executable_path/Frameworks",
					"@loader_path/Frameworks",
				);
				PRODUCT_BUNDLE_IDENTIFIER = "s0ra.AR-Meisi-iOSTests";
				PRODUCT_NAME = "$(TARGET_NAME)";
				SWIFT_VERSION = 5.0;
				TARGETED_DEVICE_FAMILY = "1,2";
				TEST_HOST = "$(BUILT_PRODUCTS_DIR)/AR_Meisi_iOS.app/AR_Meisi_iOS";
			};
			name = Release;
		};
		1523BAD423D2E96F00D9398E /* Debug */ = {
			isa = XCBuildConfiguration;
			baseConfigurationReference = 666E14554D6EE304BF46AE5E /* Pods-AR_Meisi_iOS-AR_Meisi_iOSUITests.debug.xcconfig */;
			buildSettings = {
				ALWAYS_EMBED_SWIFT_STANDARD_LIBRARIES = "$(inherited)";
				CODE_SIGN_STYLE = Automatic;
				DEVELOPMENT_TEAM = 76MW367N4B;
				INFOPLIST_FILE = AR_Meisi_iOSUITests/Info.plist;
				LD_RUNPATH_SEARCH_PATHS = (
					"$(inherited)",
					"@executable_path/Frameworks",
					"@loader_path/Frameworks",
				);
				PRODUCT_BUNDLE_IDENTIFIER = "s0ra.AR-Meisi-iOSUITests";
				PRODUCT_NAME = "$(TARGET_NAME)";
				SWIFT_VERSION = 5.0;
				TARGETED_DEVICE_FAMILY = "1,2";
				TEST_TARGET_NAME = AR_Meisi_iOS;
			};
			name = Debug;
		};
		1523BAD523D2E96F00D9398E /* Release */ = {
			isa = XCBuildConfiguration;
			baseConfigurationReference = 036A782B6AF3AB1172757D24 /* Pods-AR_Meisi_iOS-AR_Meisi_iOSUITests.release.xcconfig */;
			buildSettings = {
				ALWAYS_EMBED_SWIFT_STANDARD_LIBRARIES = "$(inherited)";
				CODE_SIGN_STYLE = Automatic;
				DEVELOPMENT_TEAM = 76MW367N4B;
				INFOPLIST_FILE = AR_Meisi_iOSUITests/Info.plist;
				LD_RUNPATH_SEARCH_PATHS = (
					"$(inherited)",
					"@executable_path/Frameworks",
					"@loader_path/Frameworks",
				);
				PRODUCT_BUNDLE_IDENTIFIER = "s0ra.AR-Meisi-iOSUITests";
				PRODUCT_NAME = "$(TARGET_NAME)";
				SWIFT_VERSION = 5.0;
				TARGETED_DEVICE_FAMILY = "1,2";
				TEST_TARGET_NAME = AR_Meisi_iOS;
			};
			name = Release;
		};
/* End XCBuildConfiguration section */

/* Begin XCConfigurationList section */
		1523BA9B23D2E96800D9398E /* Build configuration list for PBXProject "AR_Meisi_iOS" */ = {
			isa = XCConfigurationList;
			buildConfigurations = (
				1523BACB23D2E96F00D9398E /* Debug */,
				1523BACC23D2E96F00D9398E /* Release */,
			);
			defaultConfigurationIsVisible = 0;
			defaultConfigurationName = Release;
		};
		1523BACD23D2E96F00D9398E /* Build configuration list for PBXNativeTarget "AR_Meisi_iOS" */ = {
			isa = XCConfigurationList;
			buildConfigurations = (
				1523BACE23D2E96F00D9398E /* Debug */,
				1523BACF23D2E96F00D9398E /* Release */,
			);
			defaultConfigurationIsVisible = 0;
			defaultConfigurationName = Release;
		};
		1523BAD023D2E96F00D9398E /* Build configuration list for PBXNativeTarget "AR_Meisi_iOSTests" */ = {
			isa = XCConfigurationList;
			buildConfigurations = (
				1523BAD123D2E96F00D9398E /* Debug */,
				1523BAD223D2E96F00D9398E /* Release */,
			);
			defaultConfigurationIsVisible = 0;
			defaultConfigurationName = Release;
		};
		1523BAD323D2E96F00D9398E /* Build configuration list for PBXNativeTarget "AR_Meisi_iOSUITests" */ = {
			isa = XCConfigurationList;
			buildConfigurations = (
				1523BAD423D2E96F00D9398E /* Debug */,
				1523BAD523D2E96F00D9398E /* Release */,
			);
			defaultConfigurationIsVisible = 0;
			defaultConfigurationName = Release;
		};
/* End XCConfigurationList section */

/* Begin XCVersionGroup section */
		1523BAAC23D2E96800D9398E /* AR_Meisi_iOS.xcdatamodeld */ = {
			isa = XCVersionGroup;
			children = (
				1523BAAD23D2E96800D9398E /* AR_Meisi_iOS.xcdatamodel */,
			);
			currentVersion = 1523BAAD23D2E96800D9398E /* AR_Meisi_iOS.xcdatamodel */;
			path = AR_Meisi_iOS.xcdatamodeld;
			sourceTree = "<group>";
			versionGroupType = wrapper.xcdatamodel;
		};
/* End XCVersionGroup section */
	};
	rootObject = 1523BA9823D2E96800D9398E /* Project object */;
}
